{
  "name": "vercel-wp-update-lambda",
  "version": "0.0.0",
  "lockfileVersion": 1,
  "requires": true,
  "dependencies": {
    "@now/node": {
      "version": "1.5.1",
      "resolved": "https://registry.npmjs.org/@now/node/-/node-1.5.1.tgz",
      "integrity": "sha512-2nXhdqo4aNShHuTwbdQmZQX4jYXAoI85+FTPStD5DZVC3kbSS8m5RDxJu7Op7ffBPwIu8Nmp6ukjXct3Abad7g==",
      "requires": {
        "@types/node": "*"
      }
    },
    "@types/node": {
      "version": "13.13.4",
      "resolved": "https://registry.npmjs.org/@types/node/-/node-13.13.4.tgz",
      "integrity": "sha512-x26ur3dSXgv5AwKS0lNfbjpCakGIduWU1DU91Zz58ONRWrIKGunmZBNv4P7N+e27sJkiGDsw/3fT4AtsqQBrBA=="
    }
  }
}
